
Microsoft Visual Studio Solution File, Format Version 12.00
# Visual Studio Version 17
VisualStudioVersion = 17.9.34728.123
MinimumVisualStudioVersion = 10.0.40219.1
Project("{9A19103F-16F7-4668-BE54-9A1E7A4F7556}") = "ProjectBase", "ProjectBase\ProjectBase.csproj", "{9BB6637B-B5D8-4A87-8DCF-48D6B0011952}"
EndProject
Project("{FAE04EC0-301F-11D3-BF4B-00C04F79EFBC}") = "ProjectBase.Tests", "ProjectBase.Tests\ProjectBase.Tests.csproj", "{E80C046A-843C-447E-9C8F-D74B1AF14B7E}"
EndProject
Global
	GlobalSection(SolutionConfigurationPlatforms) = preSolution
		Debug|Any CPU = Debug|Any CPU
		Debug|x64 = Debug|x64
		Debug|x86 = Debug|x86
		Release|Any CPU = Release|Any CPU
		Release|x64 = Release|x64
		Release|x86 = Release|x86
	EndGlobalSection
	GlobalSection(ProjectConfigurationPlatforms) = postSolution
		{9BB6637B-B5D8-4A87-8DCF-48D6B0011952}.Debug|Any CPU.ActiveCfg = Debug|Any CPU
		{9BB6637B-B5D8-4A87-8DCF-48D6B0011952}.Debug|Any CPU.Build.0 = Debug|Any CPU
		{9BB6637B-B5D8-4A87-8DCF-48D6B0011952}.Debug|x64.ActiveCfg = Debug|Any CPU
		{9BB6637B-B5D8-4A87-8DCF-48D6B0011952}.Debug|x64.Build.0 = Debug|Any CPU
		{9BB6637B-B5D8-4A87-8DCF-48D6B0011952}.Debug|x86.ActiveCfg = Debug|Any CPU
		{9BB6637B-B5D8-4A87-8DCF-48D6B0011952}.Debug|x86.Build.0 = Debug|Any CPU
		{9BB6637B-B5D8-4A87-8DCF-48D6B0011952}.Release|Any CPU.ActiveCfg = Release|Any CPU
		{9BB6637B-B5D8-4A87-8DCF-48D6B0011952}.Release|Any CPU.Build.0 = Release|Any CPU
		{9BB6637B-B5D8-4A87-8DCF-48D6B0011952}.Release|x64.ActiveCfg = Release|Any CPU
		{9BB6637B-B5D8-4A87-8DCF-48D6B0011952}.Release|x64.Build.0 = Release|Any CPU
		{9BB6637B-B5D8-4A87-8DCF-48D6B0011952}.Release|x86.ActiveCfg = Release|Any CPU
		{9BB6637B-B5D8-4A87-8DCF-48D6B0011952}.Release|x86.Build.0 = Release|Any CPU
		{E80C046A-843C-447E-9C8F-D74B1AF14B7E}.Debug|Any CPU.ActiveCfg = Debug|Any CPU
		{E80C046A-843C-447E-9C8F-D74B1AF14B7E}.Debug|Any CPU.Build.0 = Debug|Any CPU
		{E80C046A-843C-447E-9C8F-D74B1AF14B7E}.Debug|x64.ActiveCfg = Debug|Any CPU
		{E80C046A-843C-447E-9C8F-D74B1AF14B7E}.Debug|x64.Build.0 = Debug|Any CPU
		{E80C046A-843C-447E-9C8F-D74B1AF14B7E}.Debug|x86.ActiveCfg = Debug|Any CPU
		{E80C046A-843C-447E-9C8F-D74B1AF14B7E}.Debug|x86.Build.0 = Debug|Any CPU
		{E80C046A-843C-447E-9C8F-D74B1AF14B7E}.Release|Any CPU.ActiveCfg = Release|Any CPU
		{E80C046A-843C-447E-9C8F-D74B1AF14B7E}.Release|Any CPU.Build.0 = Release|Any CPU
		{E80C046A-843C-447E-9C8F-D74B1AF14B7E}.Release|x64.ActiveCfg = Release|Any CPU
		{E80C046A-843C-447E-9C8F-D74B1AF14B7E}.Release|x64.Build.0 = Release|Any CPU
		{E80C046A-843C-447E-9C8F-D74B1AF14B7E}.Release|x86.ActiveCfg = Release|Any CPU
		{E80C046A-843C-447E-9C8F-D74B1AF14B7E}.Release|x86.Build.0 = Release|Any CPU
	EndGlobalSection
	GlobalSection(SolutionProperties) = preSolution
		HideSolutionNode = FALSE
	EndGlobalSection
	GlobalSection(ExtensibilityGlobals) = postSolution
		SolutionGuid = {FD5DD3CF-DD0D-4287-BACB-A91853250ACD}
	EndGlobalSection
EndGlobal
